// !$*UTF8*$!
{
	archiveVersion = 1;
	classes = {
	};
	objectVersion = 56;
	objects = {

/* Begin PBXBuildFile section */
		1D6EBFA22CCBAD1F001161E0 /* AppDelegate.swift in Sources */ = {isa = PBXBuildFile; fileRef = 1D6EBFA12CCBAD1F001161E0 /* AppDelegate.swift */; };
		1D6EBFA42CCBAD1F001161E0 /* SceneDelegate.swift in Sources */ = {isa = PBXBuildFile; fileRef = 1D6EBFA32CCBAD1F001161E0 /* SceneDelegate.swift */; };
		1D6EBFA62CCBAD1F001161E0 /* ViewController.swift in Sources */ = {isa = PBXBuildFile; fileRef = 1D6EBFA52CCBAD1F001161E0 /* ViewController.swift */; };
		1D6EBFA92CCBAD1F001161E0 /* Base in Resources */ = {isa = PBXBuildFile; fileRef = 1D6EBFA82CCBAD1F001161E0 /* Base */; };
		1D6EBFAB2CCBAD20001161E0 /* Assets.xcassets in Resources */ = {isa = PBXBuildFile; fileRef = 1D6EBFAA2CCBAD20001161E0 /* Assets.xcassets */; };
		1D6EBFAE2CCBAD20001161E0 /* Base in Resources */ = {isa = PBXBuildFile; fileRef = 1D6EBFAD2CCBAD20001161E0 /* Base */; };
		1D6EBFBF2CE7547A001161E0 /* PostCell.xib in Resources */ = {isa = PBXBuildFile; fileRef = 1D6EBFBE2CE7547A001161E0 /* PostCell.xib */; };
		1D6EBFC02CE7547A001161E0 /* PostCell.swift in Sources */ = {isa = PBXBuildFile; fileRef = 1D6EBFBD2CE7547A001161E0 /* PostCell.swift */; };
		1DB486A72D3A496300413EB5 /* UserNotifications.framework in Frameworks */ = {isa = PBXBuildFile; fileRef = 1DB486A62D3A496300413EB5 /* UserNotifications.framework */; };
		1DB486A92D3A497E00413EB5 /* UserNotificationsUI.framework in Frameworks */ = {isa = PBXBuildFile; fileRef = 1DB486A82D3A497E00413EB5 /* UserNotificationsUI.framework */; };
		1DB486CC2D439A2800413EB5 /* Post.swift in Sources */ = {isa = PBXBuildFile; fileRef = 1DB486CB2D439A2800413EB5 /* Post.swift */; };
		1DDB13C12D03096F00A2CD08 /* DummyData.swift in Sources */ = {isa = PBXBuildFile; fileRef = 1DDB13C02D03096F00A2CD08 /* DummyData.swift */; };
		1DDB13C52D0C3D9200A2CD08 /* CameraViewController.swift in Sources */ = {isa = PBXBuildFile; fileRef = 1DDB13C42D0C3D9200A2CD08 /* CameraViewController.swift */; };
		1DDB13C72D1E384300A2CD08 /* DelaGothicOne-Regular.ttf in Resources */ = {isa = PBXBuildFile; fileRef = 1DDB13C62D1E384300A2CD08 /* DelaGothicOne-Regular.ttf */; };
/* End PBXBuildFile section */

/* Begin PBXFileReference section */
		1D6EBF9E2CCBAD1F001161E0 /* original.app */ = {isa = PBXFileReference; explicitFileType = wrapper.application; includeInIndex = 0; path = original.app; sourceTree = BUILT_PRODUCTS_DIR; };
		1D6EBFA12CCBAD1F001161E0 /* AppDelegate.swift */ = {isa = PBXFileReference; lastKnownFileType = sourcecode.swift; path = AppDelegate.swift; sourceTree = "<group>"; };
		1D6EBFA32CCBAD1F001161E0 /* SceneDelegate.swift */ = {isa = PBXFileReference; lastKnownFileType = sourcecode.swift; path = SceneDelegate.swift; sourceTree = "<group>"; };
		1D6EBFA52CCBAD1F001161E0 /* ViewController.swift */ = {isa = PBXFileReference; lastKnownFileType = sourcecode.swift; path = ViewController.swift; sourceTree = "<group>"; };
		1D6EBFA82CCBAD1F001161E0 /* Base */ = {isa = PBXFileReference; lastKnownFileType = file.storyboard; name = Base; path = Base.lproj/Main.storyboard; sourceTree = "<group>"; };
		1D6EBFAA2CCBAD20001161E0 /* Assets.xcassets */ = {isa = PBXFileReference; lastKnownFileType = folder.assetcatalog; path = Assets.xcassets; sourceTree = "<group>"; };
		1D6EBFAD2CCBAD20001161E0 /* Base */ = {isa = PBXFileReference; lastKnownFileType = file.storyboard; name = Base; path = Base.lproj/LaunchScreen.storyboard; sourceTree = "<group>"; };
		1D6EBFAF2CCBAD20001161E0 /* Info.plist */ = {isa = PBXFileReference; lastKnownFileType = text.plist.xml; path = Info.plist; sourceTree = "<group>"; };
		1D6EBFBD2CE7547A001161E0 /* PostCell.swift */ = {isa = PBXFileReference; lastKnownFileType = sourcecode.swift; path = PostCell.swift; sourceTree = "<group>"; };
		1D6EBFBE2CE7547A001161E0 /* PostCell.xib */ = {isa = PBXFileReference; lastKnownFileType = file.xib; path = PostCell.xib; sourceTree = "<group>"; };
		1DB486A62D3A496300413EB5 /* UserNotifications.framework */ = {isa = PBXFileReference; lastKnownFileType = wrapper.framework; name = UserNotifications.framework; path = System/Library/Frameworks/UserNotifications.framework; sourceTree = SDKROOT; };
		1DB486A82D3A497E00413EB5 /* UserNotificationsUI.framework */ = {isa = PBXFileReference; lastKnownFileType = wrapper.framework; name = UserNotificationsUI.framework; path = System/Library/Frameworks/UserNotificationsUI.framework; sourceTree = SDKROOT; };
		1DB486CB2D439A2800413EB5 /* Post.swift */ = {isa = PBXFileReference; lastKnownFileType = sourcecode.swift; path = Post.swift; sourceTree = "<group>"; };
		1DDB13C02D03096F00A2CD08 /* DummyData.swift */ = {isa = PBXFileReference; lastKnownFileType = sourcecode.swift; path = DummyData.swift; sourceTree = "<group>"; };
		1DDB13C42D0C3D9200A2CD08 /* CameraViewController.swift */ = {isa = PBXFileReference; lastKnownFileType = sourcecode.swift; path = CameraViewController.swift; sourceTree = "<group>"; };
		1DDB13C62D1E384300A2CD08 /* DelaGothicOne-Regular.ttf */ = {isa = PBXFileReference; lastKnownFileType = file; path = "DelaGothicOne-Regular.ttf"; sourceTree = "<group>"; };
/* End PBXFileReference section */

/* Begin PBXFrameworksBuildPhase section */
		1D6EBF9B2CCBAD1F001161E0 /* Frameworks */ = {
			isa = PBXFrameworksBuildPhase;
			buildActionMask = 2147483647;
			files = (
				1DB486A92D3A497E00413EB5 /* UserNotificationsUI.framework in Frameworks */,
				1DB486A72D3A496300413EB5 /* UserNotifications.framework in Frameworks */,
			);
			runOnlyForDeploymentPostprocessing = 0;
		};
/* End PBXFrameworksBuildPhase section */

/* Begin PBXGroup section */
		1D6EBF952CCBAD1F001161E0 = {
			isa = PBXGroup;
			children = (
				1DB486CA2D4399E900413EB5 /* Model */,
				1D6EBFA02CCBAD1F001161E0 /* original */,
				1D6EBF9F2CCBAD1F001161E0 /* Products */,
				1DB486A52D3A496200413EB5 /* Frameworks */,
			);
			sourceTree = "<group>";
		};
		1D6EBF9F2CCBAD1F001161E0 /* Products */ = {
			isa = PBXGroup;
			children = (
				1D6EBF9E2CCBAD1F001161E0 /* original.app */,
			);
			name = Products;
			sourceTree = "<group>";
		};
		1D6EBFA02CCBAD1F001161E0 /* original */ = {
			isa = PBXGroup;
			children = (
				1D6EBFA12CCBAD1F001161E0 /* AppDelegate.swift */,
				1D6EBFA32CCBAD1F001161E0 /* SceneDelegate.swift */,
				1D6EBFA52CCBAD1F001161E0 /* ViewController.swift */,
				1DDB13C42D0C3D9200A2CD08 /* CameraViewController.swift */,
				1DDB13C02D03096F00A2CD08 /* DummyData.swift */,
				1D6EBFA72CCBAD1F001161E0 /* Main.storyboard */,
				1D6EBFBD2CE7547A001161E0 /* PostCell.swift */,
				1D6EBFBE2CE7547A001161E0 /* PostCell.xib */,
				1D6EBFAA2CCBAD20001161E0 /* Assets.xcassets */,
				1D6EBFAC2CCBAD20001161E0 /* LaunchScreen.storyboard */,
				1D6EBFAF2CCBAD20001161E0 /* Info.plist */,
				1DDB13C62D1E384300A2CD08 /* DelaGothicOne-Regular.ttf */,
			);
			path = original;
			sourceTree = "<group>";
		};
		1DB486A52D3A496200413EB5 /* Frameworks */ = {
			isa = PBXGroup;
			children = (
				1DB486A82D3A497E00413EB5 /* UserNotificationsUI.framework */,
				1DB486A62D3A496300413EB5 /* UserNotifications.framework */,
			);
			name = Frameworks;
			sourceTree = "<group>";
		};
		1DB486CA2D4399E900413EB5 /* Model */ = {
			isa = PBXGroup;
			children = (
				1DB486CB2D439A2800413EB5 /* Post.swift */,
			);
			path = Model;
			sourceTree = "<group>";
		};
/* End PBXGroup section */

/* Begin PBXNativeTarget section */
		1D6EBF9D2CCBAD1F001161E0 /* original */ = {
			isa = PBXNativeTarget;
			buildConfigurationList = 1D6EBFB22CCBAD20001161E0 /* Build configuration list for PBXNativeTarget "original" */;
			buildPhases = (
				1D6EBF9A2CCBAD1F001161E0 /* Sources */,
				1D6EBF9B2CCBAD1F001161E0 /* Frameworks */,
				1D6EBF9C2CCBAD1F001161E0 /* Resources */,
			);
			buildRules = (
			);
			dependencies = (
			);
			name = original;
			productName = original;
			productReference = 1D6EBF9E2CCBAD1F001161E0 /* original.app */;
			productType = "com.apple.product-type.application";
		};
/* End PBXNativeTarget section */

/* Begin PBXProject section */
		1D6EBF962CCBAD1F001161E0 /* Project object */ = {
			isa = PBXProject;
			attributes = {
				BuildIndependentTargetsInParallel = 1;
				LastSwiftUpdateCheck = 1540;
				LastUpgradeCheck = 1540;
				TargetAttributes = {
					1D6EBF9D2CCBAD1F001161E0 = {
						CreatedOnToolsVersion = 15.4;
					};
				};
			};
			buildConfigurationList = 1D6EBF992CCBAD1F001161E0 /* Build configuration list for PBXProject "original" */;
			compatibilityVersion = "Xcode 14.0";
			developmentRegion = en;
			hasScannedForEncodings = 0;
			knownRegions = (
				en,
				Base,
			);
			mainGroup = 1D6EBF952CCBAD1F001161E0;
			productRefGroup = 1D6EBF9F2CCBAD1F001161E0 /* Products */;
			projectDirPath = "";
			projectRoot = "";
			targets = (
				1D6EBF9D2CCBAD1F001161E0 /* original */,
			);
		};
/* End PBXProject section */

/* Begin PBXResourcesBuildPhase section */
		1D6EBF9C2CCBAD1F001161E0 /* Resources */ = {
			isa = PBXResourcesBuildPhase;
			buildActionMask = 2147483647;
			files = (
				1D6EBFAB2CCBAD20001161E0 /* Assets.xcassets in Resources */,
				1D6EBFAE2CCBAD20001161E0 /* Base in Resources */,
				1D6EBFA92CCBAD1F001161E0 /* Base in Resources */,
				1DDB13C72D1E384300A2CD08 /* DelaGothicOne-Regular.ttf in Resources */,
				1D6EBFBF2CE7547A001161E0 /* PostCell.xib in Resources */,
			);
			runOnlyForDeploymentPostprocessing = 0;
		};
/* End PBXResourcesBuildPhase section */

/* Begin PBXSourcesBuildPhase section */
		1D6EBF9A2CCBAD1F001161E0 /* Sources */ = {
			isa = PBXSourcesBuildPhase;
			buildActionMask = 2147483647;
			files = (
				1DDB13C12D03096F00A2CD08 /* DummyData.swift in Sources */,
				1D6EBFA62CCBAD1F001161E0 /* ViewController.swift in Sources */,
				1D6EBFA22CCBAD1F001161E0 /* AppDelegate.swift in Sources */,
				1D6EBFA42CCBAD1F001161E0 /* SceneDelegate.swift in Sources */,
				1D6EBFC02CE7547A001161E0 /* PostCell.swift in Sources */,
				1DB486CC2D439A2800413EB5 /* Post.swift in Sources */,
				1DDB13C52D0C3D9200A2CD08 /* CameraViewController.swift in Sources */,
			);
			runOnlyForDeploymentPostprocessing = 0;
		};
/* End PBXSourcesBuildPhase section */

/* Begin PBXVariantGroup section */
		1D6EBFA72CCBAD1F001161E0 /* Main.storyboard */ = {
			isa = PBXVariantGroup;
			children = (
				1D6EBFA82CCBAD1F001161E0 /* Base */,
			);
			name = Main.storyboard;
			sourceTree = "<group>";
		};
		1D6EBFAC2CCBAD20001161E0 /* LaunchScreen.storyboard */ = {
			isa = PBXVariantGroup;
			children = (
				1D6EBFAD2CCBAD20001161E0 /* Base */,
			);
			name = LaunchScreen.storyboard;
			sourceTree = "<group>";
		};
/* End PBXVariantGroup section */

/* Begin XCBuildConfiguration section */
		1D6EBFB02CCBAD20001161E0 /* Debug */ = {
			isa = XCBuildConfiguration;
			buildSettings = {
				ALWAYS_SEARCH_USER_PATHS = NO;
				ASSETCATALOG_COMPILER_GENERATE_SWIFT_ASSET_SYMBOL_EXTENSIONS = YES;
				CLANG_ANALYZER_NONNULL = YES;
				CLANG_ANALYZER_NUMBER_OBJECT_CONVERSION = YES_AGGRESSIVE;
				CLANG_CXX_LANGUAGE_STANDARD = "gnu++20";
				CLANG_ENABLE_MODULES = YES;
				CLANG_ENABLE_OBJC_ARC = YES;
				CLANG_ENABLE_OBJC_WEAK = YES;
				CLANG_WARN_BLOCK_CAPTURE_AUTORELEASING = YES;
				CLANG_WARN_BOOL_CONVERSION = YES;
				CLANG_WARN_COMMA = YES;
				CLANG_WARN_CONSTANT_CONVERSION = YES;
				CLANG_WARN_DEPRECATED_OBJC_IMPLEMENTATIONS = YES;
				CLANG_WARN_DIRECT_OBJC_ISA_USAGE = YES_ERROR;
				CLANG_WARN_DOCUMENTATION_COMMENTS = YES;
				CLANG_WARN_EMPTY_BODY = YES;
				CLANG_WARN_ENUM_CONVERSION = YES;
				CLANG_WARN_INFINITE_RECURSION = YES;
				CLANG_WARN_INT_CONVERSION = YES;
				CLANG_WARN_NON_LITERAL_NULL_CONVERSION = YES;
				CLANG_WARN_OBJC_IMPLICIT_RETAIN_SELF = YES;
				CLANG_WARN_OBJC_LITERAL_CONVERSION = YES;
				CLANG_WARN_OBJC_ROOT_CLASS = YES_ERROR;
				CLANG_WARN_QUOTED_INCLUDE_IN_FRAMEWORK_HEADER = YES;
				CLANG_WARN_RANGE_LOOP_ANALYSIS = YES;
				CLANG_WARN_STRICT_PROTOTYPES = YES;
				CLANG_WARN_SUSPICIOUS_MOVE = YES;
				CLANG_WARN_UNGUARDED_AVAILABILITY = YES_AGGRESSIVE;
				CLANG_WARN_UNREACHABLE_CODE = YES;
				CLANG_WARN__DUPLICATE_METHOD_MATCH = YES;
				COPY_PHASE_STRIP = NO;
				DEBUG_INFORMATION_FORMAT = dwarf;
				ENABLE_STRICT_OBJC_MSGSEND = YES;
				ENABLE_TESTABILITY = YES;
				ENABLE_USER_SCRIPT_SANDBOXING = YES;
				GCC_C_LANGUAGE_STANDARD = gnu17;
				GCC_DYNAMIC_NO_PIC = NO;
				GCC_NO_COMMON_BLOCKS = YES;
				GCC_OPTIMIZATION_LEVEL = 0;
				GCC_PREPROCESSOR_DEFINITIONS = (
					"DEBUG=1",
					"$(inherited)",
				);
				GCC_WARN_64_TO_32_BIT_CONVERSION = YES;
				GCC_WARN_ABOUT_RETURN_TYPE = YES_ERROR;
				GCC_WARN_UNDECLARED_SELECTOR = YES;
				GCC_WARN_UNINITIALIZED_AUTOS = YES_AGGRESSIVE;
				GCC_WARN_UNUSED_FUNCTION = YES;
				GCC_WARN_UNUSED_VARIABLE = YES;
				IPHONEOS_DEPLOYMENT_TARGET = 17.5;
				LOCALIZATION_PREFERS_STRING_CATALOGS = YES;
				MTL_ENABLE_DEBUG_INFO = INCLUDE_SOURCE;
				MTL_FAST_MATH = YES;
				ONLY_ACTIVE_ARCH = YES;
				SDKROOT = iphoneos;
				SWIFT_ACTIVE_COMPILATION_CONDITIONS = "DEBUG $(inherited)";
				SWIFT_OPTIMIZATION_LEVEL = "-Onone";
			};
			name = Debug;
		};
		1D6EBFB12CCBAD20001161E0 /* Release */ = {
			isa = XCBuildConfiguration;
			buildSettings = {
				ALWAYS_SEARCH_USER_PATHS = NO;
				ASSETCATALOG_COMPILER_GENERATE_SWIFT_ASSET_SYMBOL_EXTENSIONS = YES;
				CLANG_ANALYZER_NONNULL = YES;
				CLANG_ANALYZER_NUMBER_OBJECT_CONVERSION = YES_AGGRESSIVE;
				CLANG_CXX_LANGUAGE_STANDARD = "gnu++20";
				CLANG_ENABLE_MODULES = YES;
				CLANG_ENABLE_OBJC_ARC = YES;
				CLANG_ENABLE_OBJC_WEAK = YES;
				CLANG_WARN_BLOCK_CAPTURE_AUTORELEASING = YES;
				CLANG_WARN_BOOL_CONVERSION = YES;
				CLANG_WARN_COMMA = YES;
				CLANG_WARN_CONSTANT_CONVERSION = YES;
				CLANG_WARN_DEPRECATED_OBJC_IMPLEMENTATIONS = YES;
				CLANG_WARN_DIRECT_OBJC_ISA_USAGE = YES_ERROR;
				CLANG_WARN_DOCUMENTATION_COMMENTS = YES;
				CLANG_WARN_EMPTY_BODY = YES;
				CLANG_WARN_ENUM_CONVERSION = YES;
				CLANG_WARN_INFINITE_RECURSION = YES;
				CLANG_WARN_INT_CONVERSION = YES;
				CLANG_WARN_NON_LITERAL_NULL_CONVERSION = YES;
				CLANG_WARN_OBJC_IMPLICIT_RETAIN_SELF = YES;
				CLANG_WARN_OBJC_LITERAL_CONVERSION = YES;
				CLANG_WARN_OBJC_ROOT_CLASS = YES_ERROR;
				CLANG_WARN_QUOTED_INCLUDE_IN_FRAMEWORK_HEADER = YES;
				CLANG_WARN_RANGE_LOOP_ANALYSIS = YES;
				CLANG_WARN_STRICT_PROTOTYPES = YES;
				CLANG_WARN_SUSPICIOUS_MOVE = YES;
				CLANG_WARN_UNGUARDED_AVAILABILITY = YES_AGGRESSIVE;
				CLANG_WARN_UNREACHABLE_CODE = YES;
				CLANG_WARN__DUPLICATE_METHOD_MATCH = YES;
				COPY_PHASE_STRIP = NO;
				DEBUG_INFORMATION_FORMAT = "dwarf-with-dsym";
				ENABLE_NS_ASSERTIONS = NO;
				ENABLE_STRICT_OBJC_MSGSEND = YES;
				ENABLE_USER_SCRIPT_SANDBOXING = YES;
				GCC_C_LANGUAGE_STANDARD = gnu17;
				GCC_NO_COMMON_BLOCKS = YES;
				GCC_WARN_64_TO_32_BIT_CONVERSION = YES;
				GCC_WARN_ABOUT_RETURN_TYPE = YES_ERROR;
				GCC_WARN_UNDECLARED_SELECTOR = YES;
				GCC_WARN_UNINITIALIZED_AUTOS = YES_AGGRESSIVE;
				GCC_WARN_UNUSED_FUNCTION = YES;
				GCC_WARN_UNUSED_VARIABLE = YES;
				IPHONEOS_DEPLOYMENT_TARGET = 17.5;
				LOCALIZATION_PREFERS_STRING_CATALOGS = YES;
				MTL_ENABLE_DEBUG_INFO = NO;
				MTL_FAST_MATH = YES;
				SDKROOT = iphoneos;
				SWIFT_COMPILATION_MODE = wholemodule;
				VALIDATE_PRODUCT = YES;
			};
			name = Release;
		};
		1D6EBFB32CCBAD20001161E0 /* Debug */ = {
			isa = XCBuildConfiguration;
			buildSettings = {
				ASSETCATALOG_COMPILER_APPICON_NAME = AppIcon;
				ASSETCATALOG_COMPILER_GLOBAL_ACCENT_COLOR_NAME = AccentColor;
				CODE_SIGN_STYLE = Automatic;
				CURRENT_PROJECT_VERSION = 1;
				DEVELOPMENT_TEAM = XFY23WQ4LK;
				GENERATE_INFOPLIST_FILE = YES;
				INFOPLIST_FILE = original/Info.plist;
				INFOPLIST_KEY_CFBundleDisplayName = "";
				INFOPLIST_KEY_NSCameraUsageDescription = "カメラを起動します";
				INFOPLIST_KEY_NSPhotoLibraryAddUsageDescription = "フォトライブラリへの許可をしてください";
				INFOPLIST_KEY_UIApplicationSupportsIndirectInputEvents = YES;
				INFOPLIST_KEY_UILaunchStoryboardName = LaunchScreen;
				INFOPLIST_KEY_UIMainStoryboardFile = Main;
				INFOPLIST_KEY_UISupportedInterfaceOrientations_iPad = "UIInterfaceOrientationPortrait UIInterfaceOrientationPortraitUpsideDown UIInterfaceOrientationLandscapeLeft UIInterfaceOrientationLandscapeRight";
				INFOPLIST_KEY_UISupportedInterfaceOrientations_iPhone = "UIInterfaceOrientationPortrait UIInterfaceOrientationLandscapeLeft UIInterfaceOrientationLandscapeRight";
				LD_RUNPATH_SEARCH_PATHS = (
					"$(inherited)",
					"@executable_path/Frameworks",
				);
				MARKETING_VERSION = 1.0;
				PRODUCT_BUNDLE_IDENTIFIER = app.sekido.saki.original1;
				PRODUCT_NAME = "$(TARGET_NAME)";
				SWIFT_EMIT_LOC_STRINGS = YES;
				SWIFT_VERSION = 5.0;
				TARGETED_DEVICE_FAMILY = "1,2";
			};
			name = Debug;
		};
		1D6EBFB42CCBAD20001161E0 /* Release */ = {
			isa = XCBuildConfiguration;
			buildSettings = {
				ASSETCATALOG_COMPILER_APPICON_NAME = AppIcon;
				ASSETCATALOG_COMPILER_GLOBAL_ACCENT_COLOR_NAME = AccentColor;
				CODE_SIGN_STYLE = Automatic;
				CURRENT_PROJECT_VERSION = 1;
				DEVELOPMENT_TEAM = XFY23WQ4LK;
				GENERATE_INFOPLIST_FILE = YES;
				INFOPLIST_FILE = original/Info.plist;
				INFOPLIST_KEY_CFBundleDisplayName = "";
				INFOPLIST_KEY_NSCameraUsageDescription = "カメラを起動します";
				INFOPLIST_KEY_NSPhotoLibraryAddUsageDescription = "フォトライブラリへの許可をしてください";
				INFOPLIST_KEY_UIApplicationSupportsIndirectInputEvents = YES;
				INFOPLIST_KEY_UILaunchStoryboardName = LaunchScreen;
				INFOPLIST_KEY_UIMainStoryboardFile = Main;
				INFOPLIST_KEY_UISupportedInterfaceOrientations_iPad = "UIInterfaceOrientationPortrait UIInterfaceOrientationPortraitUpsideDown UIInterfaceOrientationLandscapeLeft UIInterfaceOrientationLandscapeRight";
				INFOPLIST_KEY_UISupportedInterfaceOrientations_iPhone = "UIInterfaceOrientationPortrait UIInterfaceOrientationLandscapeLeft UIInterfaceOrientationLandscapeRight";
				LD_RUNPATH_SEARCH_PATHS = (
					"$(inherited)",
					"@executable_path/Frameworks",
				);
				MARKETING_VERSION = 1.0;
				PRODUCT_BUNDLE_IDENTIFIER = app.sekido.saki.original1;
				PRODUCT_NAME = "$(TARGET_NAME)";
				SWIFT_EMIT_LOC_STRINGS = YES;
				SWIFT_VERSION = 5.0;
				TARGETED_DEVICE_FAMILY = "1,2";
			};
			name = Release;
		};
/* End XCBuildConfiguration section */

/* Begin XCConfigurationList section */
		1D6EBF992CCBAD1F001161E0 /* Build configuration list for PBXProject "original" */ = {
			isa = XCConfigurationList;
			buildConfigurations = (
				1D6EBFB02CCBAD20001161E0 /* Debug */,
				1D6EBFB12CCBAD20001161E0 /* Release */,
			);
			defaultConfigurationIsVisible = 0;
			defaultConfigurationName = Release;
		};
		1D6EBFB22CCBAD20001161E0 /* Build configuration list for PBXNativeTarget "original" */ = {
			isa = XCConfigurationList;
			buildConfigurations = (
				1D6EBFB32CCBAD20001161E0 /* Debug */,
				1D6EBFB42CCBAD20001161E0 /* Release */,
			);
			defaultConfigurationIsVisible = 0;
			defaultConfigurationName = Release;
		};
/* End XCConfigurationList section */
	};
	rootObject = 1D6EBF962CCBAD1F001161E0 /* Project object */;
}
